
Microsoft Visual Studio Solution File, Format Version 11.00
# Visual Studio 2010
Project("{FAE04EC0-301F-11D3-BF4B-00C04F79EFBC}") = "Octree_ZGTR_WPFApp", "Octree_ZGTR_WPFApp\Octree_ZGTR_WPFApp.csproj", "{4892FDC0-6267-433E-8C28-11F2C3DD8B44}"
EndProject
Project("{FAE04EC0-301F-11D3-BF4B-00C04F79EFBC}") = "ConsoleApplicationTest_Octree", "ConsoleApplicationTest_Octree\ConsoleApplicationTest_Octree.csproj", "{6C67C1D8-35D4-44A8-8362-5BF58997F4F7}"
EndProject
Global
	GlobalSection(SolutionConfigurationPlatforms) = preSolution
		Debug|x86 = Debug|x86
		Release|x86 = Release|x86
	EndGlobalSection
	GlobalSection(ProjectConfigurationPlatforms) = postSolution
		{4892FDC0-6267-433E-8C28-11F2C3DD8B44}.Debug|x86.ActiveCfg = Debug|x86
		{4892FDC0-6267-433E-8C28-11F2C3DD8B44}.Debug|x86.Build.0 = Debug|x86
		{4892FDC0-6267-433E-8C28-11F2C3DD8B44}.Release|x86.ActiveCfg = Release|x86
		{4892FDC0-6267-433E-8C28-11F2C3DD8B44}.Release|x86.Build.0 = Release|x86
		{6C67C1D8-35D4-44A8-8362-5BF58997F4F7}.Debug|x86.ActiveCfg = Debug|x86
		{6C67C1D8-35D4-44A8-8362-5BF58997F4F7}.Debug|x86.Build.0 = Debug|x86
		{6C67C1D8-35D4-44A8-8362-5BF58997F4F7}.Release|x86.ActiveCfg = Release|x86
		{6C67C1D8-35D4-44A8-8362-5BF58997F4F7}.Release|x86.Build.0 = Release|x86
	EndGlobalSection
	GlobalSection(SolutionProperties) = preSolution
		HideSolutionNode = FALSE
	EndGlobalSection
EndGlobal
